
Microsoft Visual Studio Solution File, Format Version 12.00
# Visual Studio Version 16
VisualStudioVersion = 16.0.30413.136
MinimumVisualStudioVersion = 10.0.40219.1
Project("{FAE04EC0-301F-11D3-BF4B-00C04F79EFBC}") = "ConsoleTemplate", "ConsoleTemplate.csproj", "{DFA1D4FB-4741-405B-9806-89066B80C791}"
EndProject
Project("{2150E333-8FDC-42A3-9474-1A3956D46DE8}") = "Solution Items", "Solution Items", "{7F9CB03F-3BBD-43BE-A712-F358E47CDF53}"
	ProjectSection(SolutionItems) = preProject
		.editorconfig = .editorconfig
	EndProjectSection
EndProject
Global
	GlobalSection(SolutionConfigurationPlatforms) = preSolution
		Debug|Any CPU = Debug|Any CPU
		Release|Any CPU = Release|Any CPU
	EndGlobalSection
	GlobalSection(ProjectConfigurationPlatforms) = postSolution
		{DFA1D4FB-4741-405B-9806-89066B80C791}.Debug|Any CPU.ActiveCfg = Debug|Any CPU
		{DFA1D4FB-4741-405B-9806-89066B80C791}.Debug|Any CPU.Build.0 = Debug|Any CPU
		{DFA1D4FB-4741-405B-9806-89066B80C791}.Release|Any CPU.ActiveCfg = Release|Any CPU
		{DFA1D4FB-4741-405B-9806-89066B80C791}.Release|Any CPU.Build.0 = Release|Any CPU
	EndGlobalSection
	GlobalSection(SolutionProperties) = preSolution
		HideSolutionNode = FALSE
	EndGlobalSection
	GlobalSection(ExtensibilityGlobals) = postSolution
		SolutionGuid = {20AE16A4-314A-47F0-A7D7-6F7A8BA20736}
	EndGlobalSection
EndGlobal
